
Microsoft Visual Studio Solution File, Format Version 12.00
# Visual Studio Version 16
VisualStudioVersion = 16.0.31702.278
MinimumVisualStudioVersion = 10.0.40219.1
Project("{2150E333-8FDC-42A3-9474-1A3956D46DE8}") = "Caching", "Caching", "{5162F83E-E2A5-4D3D-BBF2-5EBA167E0AF1}"
EndProject
Project("{2150E333-8FDC-42A3-9474-1A3956D46DE8}") = "Data", "Data", "{01B02AA3-4725-4F59-9EC4-A0E89C63F6DF}"
EndProject
Project("{2150E333-8FDC-42A3-9474-1A3956D46DE8}") = "Configuration", "Configuration", "{2117DDDF-D115-4D2E-AEEB-B7A9D0E2422E}"
EndProject
Project("{2150E333-8FDC-42A3-9474-1A3956D46DE8}") = "Web", "Web", "{67CB2A94-D08A-436E-B731-5FF986522FA9}"
EndProject
Project("{2150E333-8FDC-42A3-9474-1A3956D46DE8}") = "Windows", "Windows", "{A0755560-7D9A-4B3F-8986-B79BBA877D6B}"
EndProject
Project("{2150E333-8FDC-42A3-9474-1A3956D46DE8}") = "Tests", "Tests", "{6F677889-BCE4-4B90-92BD-7292A23D793A}"
EndProject
Project("{9A19103F-16F7-4668-BE54-9A1E7A4F7556}") = "Oliviann.Windows.WPF", "Oliviann.Windows.WPF\Oliviann.Windows.WPF.csproj", "{5482026B-F075-49AE-A4CB-B17422CA6898}"
EndProject
Project("{9A19103F-16F7-4668-BE54-9A1E7A4F7556}") = "Oliviann.Common", "Oliviann.Common\Oliviann.Common.csproj", "{890B82E3-8376-48E5-AD54-02FD2A22FF16}"
EndProject
Project("{2150E333-8FDC-42A3-9474-1A3956D46DE8}") = "Solution Items", "Solution Items", "{F8B63491-7FCD-48D8-BD9F-307444771E8C}"
	ProjectSection(SolutionItems) = preProject
		OliviannInfo.targets = OliviannInfo.targets
	EndProjectSection
EndProject
Project("{FAE04EC0-301F-11D3-BF4B-00C04F79EFBC}") = "ClassLibrary1", "ClassLibrary1\ClassLibrary1.csproj", "{60ACDA74-0244-4324-9938-34B61CEC9AD9}"
EndProject
Global
	GlobalSection(SolutionConfigurationPlatforms) = preSolution
		Debug|Any CPU = Debug|Any CPU
		Release|Any CPU = Release|Any CPU
	EndGlobalSection
	GlobalSection(ProjectConfigurationPlatforms) = postSolution
		{5482026B-F075-49AE-A4CB-B17422CA6898}.Debug|Any CPU.ActiveCfg = Debug|Any CPU
		{5482026B-F075-49AE-A4CB-B17422CA6898}.Debug|Any CPU.Build.0 = Debug|Any CPU
		{5482026B-F075-49AE-A4CB-B17422CA6898}.Release|Any CPU.ActiveCfg = Release|Any CPU
		{5482026B-F075-49AE-A4CB-B17422CA6898}.Release|Any CPU.Build.0 = Release|Any CPU
		{890B82E3-8376-48E5-AD54-02FD2A22FF16}.Debug|Any CPU.ActiveCfg = Debug|Any CPU
		{890B82E3-8376-48E5-AD54-02FD2A22FF16}.Debug|Any CPU.Build.0 = Debug|Any CPU
		{890B82E3-8376-48E5-AD54-02FD2A22FF16}.Release|Any CPU.ActiveCfg = Release|Any CPU
		{890B82E3-8376-48E5-AD54-02FD2A22FF16}.Release|Any CPU.Build.0 = Release|Any CPU
		{60ACDA74-0244-4324-9938-34B61CEC9AD9}.Debug|Any CPU.ActiveCfg = Debug|Any CPU
		{60ACDA74-0244-4324-9938-34B61CEC9AD9}.Debug|Any CPU.Build.0 = Debug|Any CPU
		{60ACDA74-0244-4324-9938-34B61CEC9AD9}.Release|Any CPU.ActiveCfg = Release|Any CPU
		{60ACDA74-0244-4324-9938-34B61CEC9AD9}.Release|Any CPU.Build.0 = Release|Any CPU
	EndGlobalSection
	GlobalSection(SolutionProperties) = preSolution
		HideSolutionNode = FALSE
	EndGlobalSection
	GlobalSection(NestedProjects) = preSolution
		{5482026B-F075-49AE-A4CB-B17422CA6898} = {A0755560-7D9A-4B3F-8986-B79BBA877D6B}
	EndGlobalSection
	GlobalSection(ExtensibilityGlobals) = postSolution
		SolutionGuid = {7A083DFC-1DE7-4AEF-8C32-E5B1E732100F}
	EndGlobalSection
EndGlobal
