
Microsoft Visual Studio Solution File, Format Version 12.00
# Visual Studio Version 16
VisualStudioVersion = 16.0.31702.278
MinimumVisualStudioVersion = 10.0.40219.1
Project("{2150E333-8FDC-42A3-9474-1A3956D46DE8}") = "Caching", "Caching", "{5162F83E-E2A5-4D3D-BBF2-5EBA167E0AF1}"
EndProject
Project("{2150E333-8FDC-42A3-9474-1A3956D46DE8}") = "Data", "Data", "{01B02AA3-4725-4F59-9EC4-A0E89C63F6DF}"
EndProject
Project("{2150E333-8FDC-42A3-9474-1A3956D46DE8}") = "Configuration", "Configuration", "{2117DDDF-D115-4D2E-AEEB-B7A9D0E2422E}"
EndProject
Project("{2150E333-8FDC-42A3-9474-1A3956D46DE8}") = "Web", "Web", "{67CB2A94-D08A-436E-B731-5FF986522FA9}"
EndProject
Project("{2150E333-8FDC-42A3-9474-1A3956D46DE8}") = "Windows", "Windows", "{A0755560-7D9A-4B3F-8986-B79BBA877D6B}"
EndProject
Project("{2150E333-8FDC-42A3-9474-1A3956D46DE8}") = "Tests", "Tests", "{6F677889-BCE4-4B90-92BD-7292A23D793A}"
EndProject
Project("{9A19103F-16F7-4668-BE54-9A1E7A4F7556}") = "Oliviann.Windows.WPF", "Oliviann.Windows.WPF\Oliviann.Windows.WPF.csproj", "{5482026B-F075-49AE-A4CB-B17422CA6898}"
EndProject
Project("{9A19103F-16F7-4668-BE54-9A1E7A4F7556}") = "Oliviann.Common", "Oliviann.Common\Oliviann.Common.csproj", "{890B82E3-8376-48E5-AD54-02FD2A22FF16}"
EndProject
Project("{2150E333-8FDC-42A3-9474-1A3956D46DE8}") = "Solution Items", "Solution Items", "{F8B63491-7FCD-48D8-BD9F-307444771E8C}"
	ProjectSection(SolutionItems) = preProject
		OliviannInfo.targets = OliviannInfo.targets
		UnitTesting.targets = UnitTesting.targets
		Unittests.runsettings = Unittests.runsettings
	EndProjectSection
EndProject
Project("{9A19103F-16F7-4668-BE54-9A1E7A4F7556}") = "Oliviann.Configuration", "Oliviann.Configuration\Oliviann.Configuration.csproj", "{03EFE4A4-AE60-4FC8-A599-B210B908852F}"
EndProject
Project("{9A19103F-16F7-4668-BE54-9A1E7A4F7556}") = "Oliviann.Windows.Forms", "Oliviann.Windows.Forms\Oliviann.Windows.Forms.csproj", "{5F2F1E7E-DBBC-4C6A-8E40-2721D864E3EB}"
EndProject
Project("{9A19103F-16F7-4668-BE54-9A1E7A4F7556}") = "Oliviann.Caching", "Oliviann.Caching\Oliviann.Caching.csproj", "{310F1C8D-5759-49E5-8C7B-36C3096D16EF}"
EndProject
Project("{9A19103F-16F7-4668-BE54-9A1E7A4F7556}") = "Oliviann.Caching.EnterpriseLibrary", "Oliviann.Caching.EnterpriseLibrary\Oliviann.Caching.EnterpriseLibrary.csproj", "{B72B8806-3744-4376-A238-6ED9920CB797}"
EndProject
Project("{9A19103F-16F7-4668-BE54-9A1E7A4F7556}") = "Oliviann.Caching.NCache", "Oliviann.Caching.NCache\Oliviann.Caching.NCache.csproj", "{9F619266-3368-4A25-831F-8144F1698D9B}"
EndProject
Project("{9A19103F-16F7-4668-BE54-9A1E7A4F7556}") = "Oliviann.Caching.Redis", "Oliviann.Caching.Redis\Oliviann.Caching.Redis.csproj", "{1584B92B-3C2A-439B-BF2A-DDE98B28B1D9}"
EndProject
Project("{9A19103F-16F7-4668-BE54-9A1E7A4F7556}") = "Oliviann.ServiceModel", "Oliviann.ServiceModel\Oliviann.ServiceModel.csproj", "{60B0D073-70C8-4FA6-9BF3-65941F0ABDFD}"
EndProject
Project("{9A19103F-16F7-4668-BE54-9A1E7A4F7556}") = "Oliviann.Testing", "Oliviann.Testing\Oliviann.Testing.csproj", "{5C3BB226-73C4-4CA9-9CDB-AE4D25516CF6}"
EndProject
Project("{9A19103F-16F7-4668-BE54-9A1E7A4F7556}") = "Oliviann.IO.Compression", "Oliviann.IO.Compression\Oliviann.IO.Compression.csproj", "{8D46B336-930A-4A80-9CC5-C0D1FEBB45CF}"
EndProject
Project("{9A19103F-16F7-4668-BE54-9A1E7A4F7556}") = "Oliviann.InterProcessHelper", "Oliviann.InterProcessHelper\Oliviann.InterProcessHelper.csproj", "{57FC53C5-0039-48E3-85A7-8BEF71C42F98}"
EndProject
Project("{9A19103F-16F7-4668-BE54-9A1E7A4F7556}") = "Oliviann.Data", "Oliviann.Data\Oliviann.Data.csproj", "{3FBFA61D-3EED-4401-B734-F3A7B780E16C}"
EndProject
Project("{9A19103F-16F7-4668-BE54-9A1E7A4F7556}") = "Oliviann.Data.Common", "Oliviann.Data.Common\Oliviann.Data.Common.csproj", "{F032A341-4DD2-4E6E-8961-CE388D8A4C9D}"
EndProject
Project("{9A19103F-16F7-4668-BE54-9A1E7A4F7556}") = "Oliviann.Data.Dapper", "Oliviann.Data.Dapper\Oliviann.Data.Dapper.csproj", "{1D0E9594-382F-4AE3-B1FE-3CCB08906063}"
EndProject
Project("{9A19103F-16F7-4668-BE54-9A1E7A4F7556}") = "Oliviann.Data.Oracle", "Oliviann.Data.Oracle\Oliviann.Data.Oracle.csproj", "{7D5C8FF2-541F-4F77-A8AF-A0ABD2A66A78}"
EndProject
Project("{9A19103F-16F7-4668-BE54-9A1E7A4F7556}") = "Oliviann.Data.SqlServer.Compact", "Oliviann.Data.SqlServer.Compact\Oliviann.Data.SqlServer.Compact.csproj", "{907CA566-DB10-4A60-9C14-F80B8418D9F7}"
EndProject
Project("{9A19103F-16F7-4668-BE54-9A1E7A4F7556}") = "Oliviann.Web", "Oliviann.Web\Oliviann.Web.csproj", "{C0DDA760-53B5-458D-A652-DCB6F89AD189}"
EndProject
Project("{9A19103F-16F7-4668-BE54-9A1E7A4F7556}") = "Oliviann.Web.Api", "Oliviann.Web.Api\Oliviann.Web.Api.csproj", "{659F2440-FAEB-4A3D-8C98-5EDE312E2228}"
EndProject
Project("{9A19103F-16F7-4668-BE54-9A1E7A4F7556}") = "Oliviann.Web.Api.Client", "Oliviann.Web.Api.Client\Oliviann.Web.Api.Client.csproj", "{2AC6AD9D-CF21-42CC-A856-6132CE8199DA}"
EndProject
Project("{9A19103F-16F7-4668-BE54-9A1E7A4F7556}") = "Oliviann.Web.Api.Unity", "Oliviann.Web.Api.Unity\Oliviann.Web.Api.Unity.csproj", "{B1CA9988-9F59-43BD-85DA-271C7762D2DF}"
EndProject
Project("{9A19103F-16F7-4668-BE54-9A1E7A4F7556}") = "Oliviann.Web.Authentication.CloudFoundry", "Oliviann.Web.Authentication.CloudFoundry\Oliviann.Web.Authentication.CloudFoundry.csproj", "{C23859BB-4C60-40EC-B149-EB09E1E2B17C}"
EndProject
Project("{9A19103F-16F7-4668-BE54-9A1E7A4F7556}") = "Oliviann.Web.WebForms", "Oliviann.Web.WebForms\Oliviann.Web.WebForms.csproj", "{D9A7F2F9-9DC7-4427-B73D-D0CD650F9B41}"
EndProject
Project("{9A19103F-16F7-4668-BE54-9A1E7A4F7556}") = "Oliviann.Tests", "Tests\Oliviann.Tests\Oliviann.Tests.csproj", "{CF368716-1DC5-47AB-92E8-DA887150C3B0}"
EndProject
Project("{9A19103F-16F7-4668-BE54-9A1E7A4F7556}") = "Oliviann.Common.TestObjects", "Tests\Oliviann.Common.TestObjects\Oliviann.Common.TestObjects.csproj", "{4D27ADB1-EAA7-49DA-B54C-C24B7A400B23}"
EndProject
Project("{9A19103F-16F7-4668-BE54-9A1E7A4F7556}") = "Oliviann.Testing.Tests", "Tests\Oliviann.Testing.Tests\Oliviann.Testing.Tests.csproj", "{8E881091-7C86-4E32-B431-EF3FDD828297}"
EndProject
Project("{9A19103F-16F7-4668-BE54-9A1E7A4F7556}") = "Oliviann.Data.Tests", "Tests\Oliviann.Data.Tests\Oliviann.Data.Tests.csproj", "{06A6015C-18F7-427F-B89D-C8BC8512175C}"
EndProject
Project("{9A19103F-16F7-4668-BE54-9A1E7A4F7556}") = "Oliviann.Caching.EnterpriseLibrary.Tests", "Tests\Oliviann.Caching.EnterpriseLibrary.Tests\Oliviann.Caching.EnterpriseLibrary.Tests.csproj", "{952489E9-C23C-4C09-8D65-7AAB8A9B07C5}"
EndProject
Project("{9A19103F-16F7-4668-BE54-9A1E7A4F7556}") = "Oliviann.Caching.NCache.Tests", "Tests\Oliviann.Caching.NCache.Tests\Oliviann.Caching.NCache.Tests.csproj", "{4F306B84-7F4B-49CA-AEF5-F58DCCF7B0EC}"
EndProject
Project("{9A19103F-16F7-4668-BE54-9A1E7A4F7556}") = "Oliviann.Caching.Redis.Tests", "Tests\Oliviann.Caching.Redis.Tests\Oliviann.Caching.Redis.Tests.csproj", "{2E957556-7707-4747-9B4D-74D24AF616B7}"
EndProject
Project("{9A19103F-16F7-4668-BE54-9A1E7A4F7556}") = "Oliviann.Data.Common.Tests", "Tests\Oliviann.Data.Common.Tests\Oliviann.Data.Common.Tests.csproj", "{2C8F2880-83B2-4109-85BA-8FA1FC61899F}"
EndProject
Project("{9A19103F-16F7-4668-BE54-9A1E7A4F7556}") = "Oliviann.InterProcessHelper.Tests", "Tests\Oliviann.InterProcessHelper.Tests\Oliviann.InterProcessHelper.Tests.csproj", "{E1CAC847-B8D7-4803-A034-0740D5FCF75C}"
EndProject
Project("{9A19103F-16F7-4668-BE54-9A1E7A4F7556}") = "Oliviann.IO.Compression.Tests", "Tests\Oliviann.IO.Compression.Tests\Oliviann.IO.Compression.Tests.csproj", "{2931115E-5CC2-4E63-923A-D5578F00875B}"
EndProject
Project("{9A19103F-16F7-4668-BE54-9A1E7A4F7556}") = "Oliviann.Web.Api.Tests", "Tests\Oliviann.Web.Api.Tests\Oliviann.Web.Api.Tests.csproj", "{9692AD32-186E-42A4-84E9-D9996B8DBD18}"
EndProject
Project("{9A19103F-16F7-4668-BE54-9A1E7A4F7556}") = "Oliviann.Web.Tests", "Tests\Oliviann.Web.Tests\Oliviann.Web.Tests.csproj", "{233B02C3-19C7-413E-AC54-37CF41CA89D9}"
EndProject
Project("{FAE04EC0-301F-11D3-BF4B-00C04F79EFBC}") = "Oliviann.Windows", "Oliviann.Windows\Oliviann.Windows.csproj", "{0ABEE6FA-CF27-4D8C-AAA1-02B63AEDC9E7}"
EndProject
Global
	GlobalSection(SolutionConfigurationPlatforms) = preSolution
		Debug|Any CPU = Debug|Any CPU
		Release|Any CPU = Release|Any CPU
	EndGlobalSection
	GlobalSection(ProjectConfigurationPlatforms) = postSolution
		{5482026B-F075-49AE-A4CB-B17422CA6898}.Debug|Any CPU.ActiveCfg = Debug|Any CPU
		{5482026B-F075-49AE-A4CB-B17422CA6898}.Debug|Any CPU.Build.0 = Debug|Any CPU
		{5482026B-F075-49AE-A4CB-B17422CA6898}.Release|Any CPU.ActiveCfg = Release|Any CPU
		{5482026B-F075-49AE-A4CB-B17422CA6898}.Release|Any CPU.Build.0 = Release|Any CPU
		{890B82E3-8376-48E5-AD54-02FD2A22FF16}.Debug|Any CPU.ActiveCfg = Debug|Any CPU
		{890B82E3-8376-48E5-AD54-02FD2A22FF16}.Debug|Any CPU.Build.0 = Debug|Any CPU
		{890B82E3-8376-48E5-AD54-02FD2A22FF16}.Release|Any CPU.ActiveCfg = Release|Any CPU
		{890B82E3-8376-48E5-AD54-02FD2A22FF16}.Release|Any CPU.Build.0 = Release|Any CPU
		{03EFE4A4-AE60-4FC8-A599-B210B908852F}.Debug|Any CPU.ActiveCfg = Debug|Any CPU
		{03EFE4A4-AE60-4FC8-A599-B210B908852F}.Debug|Any CPU.Build.0 = Debug|Any CPU
		{03EFE4A4-AE60-4FC8-A599-B210B908852F}.Release|Any CPU.ActiveCfg = Release|Any CPU
		{03EFE4A4-AE60-4FC8-A599-B210B908852F}.Release|Any CPU.Build.0 = Release|Any CPU
		{5F2F1E7E-DBBC-4C6A-8E40-2721D864E3EB}.Debug|Any CPU.ActiveCfg = Debug|Any CPU
		{5F2F1E7E-DBBC-4C6A-8E40-2721D864E3EB}.Debug|Any CPU.Build.0 = Debug|Any CPU
		{5F2F1E7E-DBBC-4C6A-8E40-2721D864E3EB}.Release|Any CPU.ActiveCfg = Release|Any CPU
		{5F2F1E7E-DBBC-4C6A-8E40-2721D864E3EB}.Release|Any CPU.Build.0 = Release|Any CPU
		{310F1C8D-5759-49E5-8C7B-36C3096D16EF}.Debug|Any CPU.ActiveCfg = Debug|Any CPU
		{310F1C8D-5759-49E5-8C7B-36C3096D16EF}.Debug|Any CPU.Build.0 = Debug|Any CPU
		{310F1C8D-5759-49E5-8C7B-36C3096D16EF}.Release|Any CPU.ActiveCfg = Release|Any CPU
		{310F1C8D-5759-49E5-8C7B-36C3096D16EF}.Release|Any CPU.Build.0 = Release|Any CPU
		{B72B8806-3744-4376-A238-6ED9920CB797}.Debug|Any CPU.ActiveCfg = Debug|Any CPU
		{B72B8806-3744-4376-A238-6ED9920CB797}.Debug|Any CPU.Build.0 = Debug|Any CPU
		{B72B8806-3744-4376-A238-6ED9920CB797}.Release|Any CPU.ActiveCfg = Release|Any CPU
		{B72B8806-3744-4376-A238-6ED9920CB797}.Release|Any CPU.Build.0 = Release|Any CPU
		{9F619266-3368-4A25-831F-8144F1698D9B}.Debug|Any CPU.ActiveCfg = Debug|Any CPU
		{9F619266-3368-4A25-831F-8144F1698D9B}.Debug|Any CPU.Build.0 = Debug|Any CPU
		{9F619266-3368-4A25-831F-8144F1698D9B}.Release|Any CPU.ActiveCfg = Release|Any CPU
		{9F619266-3368-4A25-831F-8144F1698D9B}.Release|Any CPU.Build.0 = Release|Any CPU
		{1584B92B-3C2A-439B-BF2A-DDE98B28B1D9}.Debug|Any CPU.ActiveCfg = Debug|Any CPU
		{1584B92B-3C2A-439B-BF2A-DDE98B28B1D9}.Debug|Any CPU.Build.0 = Debug|Any CPU
		{1584B92B-3C2A-439B-BF2A-DDE98B28B1D9}.Release|Any CPU.ActiveCfg = Release|Any CPU
		{1584B92B-3C2A-439B-BF2A-DDE98B28B1D9}.Release|Any CPU.Build.0 = Release|Any CPU
		{60B0D073-70C8-4FA6-9BF3-65941F0ABDFD}.Debug|Any CPU.ActiveCfg = Debug|Any CPU
		{60B0D073-70C8-4FA6-9BF3-65941F0ABDFD}.Debug|Any CPU.Build.0 = Debug|Any CPU
		{60B0D073-70C8-4FA6-9BF3-65941F0ABDFD}.Release|Any CPU.ActiveCfg = Release|Any CPU
		{60B0D073-70C8-4FA6-9BF3-65941F0ABDFD}.Release|Any CPU.Build.0 = Release|Any CPU
		{5C3BB226-73C4-4CA9-9CDB-AE4D25516CF6}.Debug|Any CPU.ActiveCfg = Debug|Any CPU
		{5C3BB226-73C4-4CA9-9CDB-AE4D25516CF6}.Debug|Any CPU.Build.0 = Debug|Any CPU
		{5C3BB226-73C4-4CA9-9CDB-AE4D25516CF6}.Release|Any CPU.ActiveCfg = Release|Any CPU
		{5C3BB226-73C4-4CA9-9CDB-AE4D25516CF6}.Release|Any CPU.Build.0 = Release|Any CPU
		{8D46B336-930A-4A80-9CC5-C0D1FEBB45CF}.Debug|Any CPU.ActiveCfg = Debug|Any CPU
		{8D46B336-930A-4A80-9CC5-C0D1FEBB45CF}.Debug|Any CPU.Build.0 = Debug|Any CPU
		{8D46B336-930A-4A80-9CC5-C0D1FEBB45CF}.Release|Any CPU.ActiveCfg = Release|Any CPU
		{8D46B336-930A-4A80-9CC5-C0D1FEBB45CF}.Release|Any CPU.Build.0 = Release|Any CPU
		{57FC53C5-0039-48E3-85A7-8BEF71C42F98}.Debug|Any CPU.ActiveCfg = Debug|Any CPU
		{57FC53C5-0039-48E3-85A7-8BEF71C42F98}.Debug|Any CPU.Build.0 = Debug|Any CPU
		{57FC53C5-0039-48E3-85A7-8BEF71C42F98}.Release|Any CPU.ActiveCfg = Release|Any CPU
		{57FC53C5-0039-48E3-85A7-8BEF71C42F98}.Release|Any CPU.Build.0 = Release|Any CPU
		{3FBFA61D-3EED-4401-B734-F3A7B780E16C}.Debug|Any CPU.ActiveCfg = Debug|Any CPU
		{3FBFA61D-3EED-4401-B734-F3A7B780E16C}.Debug|Any CPU.Build.0 = Debug|Any CPU
		{3FBFA61D-3EED-4401-B734-F3A7B780E16C}.Release|Any CPU.ActiveCfg = Release|Any CPU
		{3FBFA61D-3EED-4401-B734-F3A7B780E16C}.Release|Any CPU.Build.0 = Release|Any CPU
		{F032A341-4DD2-4E6E-8961-CE388D8A4C9D}.Debug|Any CPU.ActiveCfg = Debug|Any CPU
		{F032A341-4DD2-4E6E-8961-CE388D8A4C9D}.Debug|Any CPU.Build.0 = Debug|Any CPU
		{F032A341-4DD2-4E6E-8961-CE388D8A4C9D}.Release|Any CPU.ActiveCfg = Release|Any CPU
		{F032A341-4DD2-4E6E-8961-CE388D8A4C9D}.Release|Any CPU.Build.0 = Release|Any CPU
		{1D0E9594-382F-4AE3-B1FE-3CCB08906063}.Debug|Any CPU.ActiveCfg = Debug|Any CPU
		{1D0E9594-382F-4AE3-B1FE-3CCB08906063}.Debug|Any CPU.Build.0 = Debug|Any CPU
		{1D0E9594-382F-4AE3-B1FE-3CCB08906063}.Release|Any CPU.ActiveCfg = Release|Any CPU
		{1D0E9594-382F-4AE3-B1FE-3CCB08906063}.Release|Any CPU.Build.0 = Release|Any CPU
		{7D5C8FF2-541F-4F77-A8AF-A0ABD2A66A78}.Debug|Any CPU.ActiveCfg = Debug|Any CPU
		{7D5C8FF2-541F-4F77-A8AF-A0ABD2A66A78}.Debug|Any CPU.Build.0 = Debug|Any CPU
		{7D5C8FF2-541F-4F77-A8AF-A0ABD2A66A78}.Release|Any CPU.ActiveCfg = Release|Any CPU
		{7D5C8FF2-541F-4F77-A8AF-A0ABD2A66A78}.Release|Any CPU.Build.0 = Release|Any CPU
		{907CA566-DB10-4A60-9C14-F80B8418D9F7}.Debug|Any CPU.ActiveCfg = Debug|Any CPU
		{907CA566-DB10-4A60-9C14-F80B8418D9F7}.Debug|Any CPU.Build.0 = Debug|Any CPU
		{907CA566-DB10-4A60-9C14-F80B8418D9F7}.Release|Any CPU.ActiveCfg = Release|Any CPU
		{907CA566-DB10-4A60-9C14-F80B8418D9F7}.Release|Any CPU.Build.0 = Release|Any CPU
		{C0DDA760-53B5-458D-A652-DCB6F89AD189}.Debug|Any CPU.ActiveCfg = Debug|Any CPU
		{C0DDA760-53B5-458D-A652-DCB6F89AD189}.Debug|Any CPU.Build.0 = Debug|Any CPU
		{C0DDA760-53B5-458D-A652-DCB6F89AD189}.Release|Any CPU.ActiveCfg = Release|Any CPU
		{C0DDA760-53B5-458D-A652-DCB6F89AD189}.Release|Any CPU.Build.0 = Release|Any CPU
		{659F2440-FAEB-4A3D-8C98-5EDE312E2228}.Debug|Any CPU.ActiveCfg = Debug|Any CPU
		{659F2440-FAEB-4A3D-8C98-5EDE312E2228}.Debug|Any CPU.Build.0 = Debug|Any CPU
		{659F2440-FAEB-4A3D-8C98-5EDE312E2228}.Release|Any CPU.ActiveCfg = Release|Any CPU
		{659F2440-FAEB-4A3D-8C98-5EDE312E2228}.Release|Any CPU.Build.0 = Release|Any CPU
		{2AC6AD9D-CF21-42CC-A856-6132CE8199DA}.Debug|Any CPU.ActiveCfg = Debug|Any CPU
		{2AC6AD9D-CF21-42CC-A856-6132CE8199DA}.Debug|Any CPU.Build.0 = Debug|Any CPU
		{2AC6AD9D-CF21-42CC-A856-6132CE8199DA}.Release|Any CPU.ActiveCfg = Release|Any CPU
		{2AC6AD9D-CF21-42CC-A856-6132CE8199DA}.Release|Any CPU.Build.0 = Release|Any CPU
		{B1CA9988-9F59-43BD-85DA-271C7762D2DF}.Debug|Any CPU.ActiveCfg = Debug|Any CPU
		{B1CA9988-9F59-43BD-85DA-271C7762D2DF}.Debug|Any CPU.Build.0 = Debug|Any CPU
		{B1CA9988-9F59-43BD-85DA-271C7762D2DF}.Release|Any CPU.ActiveCfg = Release|Any CPU
		{B1CA9988-9F59-43BD-85DA-271C7762D2DF}.Release|Any CPU.Build.0 = Release|Any CPU
		{C23859BB-4C60-40EC-B149-EB09E1E2B17C}.Debug|Any CPU.ActiveCfg = Debug|Any CPU
		{C23859BB-4C60-40EC-B149-EB09E1E2B17C}.Debug|Any CPU.Build.0 = Debug|Any CPU
		{C23859BB-4C60-40EC-B149-EB09E1E2B17C}.Release|Any CPU.ActiveCfg = Release|Any CPU
		{C23859BB-4C60-40EC-B149-EB09E1E2B17C}.Release|Any CPU.Build.0 = Release|Any CPU
		{D9A7F2F9-9DC7-4427-B73D-D0CD650F9B41}.Debug|Any CPU.ActiveCfg = Debug|Any CPU
		{D9A7F2F9-9DC7-4427-B73D-D0CD650F9B41}.Debug|Any CPU.Build.0 = Debug|Any CPU
		{D9A7F2F9-9DC7-4427-B73D-D0CD650F9B41}.Release|Any CPU.ActiveCfg = Release|Any CPU
		{D9A7F2F9-9DC7-4427-B73D-D0CD650F9B41}.Release|Any CPU.Build.0 = Release|Any CPU
		{CF368716-1DC5-47AB-92E8-DA887150C3B0}.Debug|Any CPU.ActiveCfg = Debug|Any CPU
		{CF368716-1DC5-47AB-92E8-DA887150C3B0}.Debug|Any CPU.Build.0 = Debug|Any CPU
		{CF368716-1DC5-47AB-92E8-DA887150C3B0}.Release|Any CPU.ActiveCfg = Release|Any CPU
		{CF368716-1DC5-47AB-92E8-DA887150C3B0}.Release|Any CPU.Build.0 = Release|Any CPU
		{4D27ADB1-EAA7-49DA-B54C-C24B7A400B23}.Debug|Any CPU.ActiveCfg = Debug|Any CPU
		{4D27ADB1-EAA7-49DA-B54C-C24B7A400B23}.Debug|Any CPU.Build.0 = Debug|Any CPU
		{4D27ADB1-EAA7-49DA-B54C-C24B7A400B23}.Release|Any CPU.ActiveCfg = Release|Any CPU
		{4D27ADB1-EAA7-49DA-B54C-C24B7A400B23}.Release|Any CPU.Build.0 = Release|Any CPU
		{8E881091-7C86-4E32-B431-EF3FDD828297}.Debug|Any CPU.ActiveCfg = Debug|Any CPU
		{8E881091-7C86-4E32-B431-EF3FDD828297}.Debug|Any CPU.Build.0 = Debug|Any CPU
		{8E881091-7C86-4E32-B431-EF3FDD828297}.Release|Any CPU.ActiveCfg = Release|Any CPU
		{8E881091-7C86-4E32-B431-EF3FDD828297}.Release|Any CPU.Build.0 = Release|Any CPU
		{06A6015C-18F7-427F-B89D-C8BC8512175C}.Debug|Any CPU.ActiveCfg = Debug|Any CPU
		{06A6015C-18F7-427F-B89D-C8BC8512175C}.Debug|Any CPU.Build.0 = Debug|Any CPU
		{06A6015C-18F7-427F-B89D-C8BC8512175C}.Release|Any CPU.ActiveCfg = Release|Any CPU
		{06A6015C-18F7-427F-B89D-C8BC8512175C}.Release|Any CPU.Build.0 = Release|Any CPU
		{952489E9-C23C-4C09-8D65-7AAB8A9B07C5}.Debug|Any CPU.ActiveCfg = Debug|Any CPU
		{952489E9-C23C-4C09-8D65-7AAB8A9B07C5}.Debug|Any CPU.Build.0 = Debug|Any CPU
		{952489E9-C23C-4C09-8D65-7AAB8A9B07C5}.Release|Any CPU.ActiveCfg = Release|Any CPU
		{952489E9-C23C-4C09-8D65-7AAB8A9B07C5}.Release|Any CPU.Build.0 = Release|Any CPU
		{4F306B84-7F4B-49CA-AEF5-F58DCCF7B0EC}.Debug|Any CPU.ActiveCfg = Debug|Any CPU
		{4F306B84-7F4B-49CA-AEF5-F58DCCF7B0EC}.Debug|Any CPU.Build.0 = Debug|Any CPU
		{4F306B84-7F4B-49CA-AEF5-F58DCCF7B0EC}.Release|Any CPU.ActiveCfg = Release|Any CPU
		{4F306B84-7F4B-49CA-AEF5-F58DCCF7B0EC}.Release|Any CPU.Build.0 = Release|Any CPU
		{2E957556-7707-4747-9B4D-74D24AF616B7}.Debug|Any CPU.ActiveCfg = Debug|Any CPU
		{2E957556-7707-4747-9B4D-74D24AF616B7}.Debug|Any CPU.Build.0 = Debug|Any CPU
		{2E957556-7707-4747-9B4D-74D24AF616B7}.Release|Any CPU.ActiveCfg = Release|Any CPU
		{2E957556-7707-4747-9B4D-74D24AF616B7}.Release|Any CPU.Build.0 = Release|Any CPU
		{2C8F2880-83B2-4109-85BA-8FA1FC61899F}.Debug|Any CPU.ActiveCfg = Debug|Any CPU
		{2C8F2880-83B2-4109-85BA-8FA1FC61899F}.Debug|Any CPU.Build.0 = Debug|Any CPU
		{2C8F2880-83B2-4109-85BA-8FA1FC61899F}.Release|Any CPU.ActiveCfg = Release|Any CPU
		{2C8F2880-83B2-4109-85BA-8FA1FC61899F}.Release|Any CPU.Build.0 = Release|Any CPU
		{E1CAC847-B8D7-4803-A034-0740D5FCF75C}.Debug|Any CPU.ActiveCfg = Debug|Any CPU
		{E1CAC847-B8D7-4803-A034-0740D5FCF75C}.Debug|Any CPU.Build.0 = Debug|Any CPU
		{E1CAC847-B8D7-4803-A034-0740D5FCF75C}.Release|Any CPU.ActiveCfg = Release|Any CPU
		{E1CAC847-B8D7-4803-A034-0740D5FCF75C}.Release|Any CPU.Build.0 = Release|Any CPU
		{2931115E-5CC2-4E63-923A-D5578F00875B}.Debug|Any CPU.ActiveCfg = Debug|Any CPU
		{2931115E-5CC2-4E63-923A-D5578F00875B}.Debug|Any CPU.Build.0 = Debug|Any CPU
		{2931115E-5CC2-4E63-923A-D5578F00875B}.Release|Any CPU.ActiveCfg = Release|Any CPU
		{2931115E-5CC2-4E63-923A-D5578F00875B}.Release|Any CPU.Build.0 = Release|Any CPU
		{9692AD32-186E-42A4-84E9-D9996B8DBD18}.Debug|Any CPU.ActiveCfg = Debug|Any CPU
		{9692AD32-186E-42A4-84E9-D9996B8DBD18}.Debug|Any CPU.Build.0 = Debug|Any CPU
		{9692AD32-186E-42A4-84E9-D9996B8DBD18}.Release|Any CPU.ActiveCfg = Release|Any CPU
		{9692AD32-186E-42A4-84E9-D9996B8DBD18}.Release|Any CPU.Build.0 = Release|Any CPU
		{233B02C3-19C7-413E-AC54-37CF41CA89D9}.Debug|Any CPU.ActiveCfg = Debug|Any CPU
		{233B02C3-19C7-413E-AC54-37CF41CA89D9}.Debug|Any CPU.Build.0 = Debug|Any CPU
		{233B02C3-19C7-413E-AC54-37CF41CA89D9}.Release|Any CPU.ActiveCfg = Release|Any CPU
		{233B02C3-19C7-413E-AC54-37CF41CA89D9}.Release|Any CPU.Build.0 = Release|Any CPU
		{0ABEE6FA-CF27-4D8C-AAA1-02B63AEDC9E7}.Debug|Any CPU.ActiveCfg = Debug|Any CPU
		{0ABEE6FA-CF27-4D8C-AAA1-02B63AEDC9E7}.Debug|Any CPU.Build.0 = Debug|Any CPU
		{0ABEE6FA-CF27-4D8C-AAA1-02B63AEDC9E7}.Release|Any CPU.ActiveCfg = Release|Any CPU
		{0ABEE6FA-CF27-4D8C-AAA1-02B63AEDC9E7}.Release|Any CPU.Build.0 = Release|Any CPU
	EndGlobalSection
	GlobalSection(SolutionProperties) = preSolution
		HideSolutionNode = FALSE
	EndGlobalSection
	GlobalSection(NestedProjects) = preSolution
		{5482026B-F075-49AE-A4CB-B17422CA6898} = {A0755560-7D9A-4B3F-8986-B79BBA877D6B}
		{03EFE4A4-AE60-4FC8-A599-B210B908852F} = {2117DDDF-D115-4D2E-AEEB-B7A9D0E2422E}
		{5F2F1E7E-DBBC-4C6A-8E40-2721D864E3EB} = {A0755560-7D9A-4B3F-8986-B79BBA877D6B}
		{310F1C8D-5759-49E5-8C7B-36C3096D16EF} = {5162F83E-E2A5-4D3D-BBF2-5EBA167E0AF1}
		{B72B8806-3744-4376-A238-6ED9920CB797} = {5162F83E-E2A5-4D3D-BBF2-5EBA167E0AF1}
		{9F619266-3368-4A25-831F-8144F1698D9B} = {5162F83E-E2A5-4D3D-BBF2-5EBA167E0AF1}
		{1584B92B-3C2A-439B-BF2A-DDE98B28B1D9} = {5162F83E-E2A5-4D3D-BBF2-5EBA167E0AF1}
		{3FBFA61D-3EED-4401-B734-F3A7B780E16C} = {01B02AA3-4725-4F59-9EC4-A0E89C63F6DF}
		{F032A341-4DD2-4E6E-8961-CE388D8A4C9D} = {01B02AA3-4725-4F59-9EC4-A0E89C63F6DF}
		{1D0E9594-382F-4AE3-B1FE-3CCB08906063} = {01B02AA3-4725-4F59-9EC4-A0E89C63F6DF}
		{7D5C8FF2-541F-4F77-A8AF-A0ABD2A66A78} = {01B02AA3-4725-4F59-9EC4-A0E89C63F6DF}
		{907CA566-DB10-4A60-9C14-F80B8418D9F7} = {01B02AA3-4725-4F59-9EC4-A0E89C63F6DF}
		{C0DDA760-53B5-458D-A652-DCB6F89AD189} = {67CB2A94-D08A-436E-B731-5FF986522FA9}
		{659F2440-FAEB-4A3D-8C98-5EDE312E2228} = {67CB2A94-D08A-436E-B731-5FF986522FA9}
		{2AC6AD9D-CF21-42CC-A856-6132CE8199DA} = {67CB2A94-D08A-436E-B731-5FF986522FA9}
		{B1CA9988-9F59-43BD-85DA-271C7762D2DF} = {67CB2A94-D08A-436E-B731-5FF986522FA9}
		{C23859BB-4C60-40EC-B149-EB09E1E2B17C} = {67CB2A94-D08A-436E-B731-5FF986522FA9}
		{D9A7F2F9-9DC7-4427-B73D-D0CD650F9B41} = {67CB2A94-D08A-436E-B731-5FF986522FA9}
		{CF368716-1DC5-47AB-92E8-DA887150C3B0} = {6F677889-BCE4-4B90-92BD-7292A23D793A}
		{4D27ADB1-EAA7-49DA-B54C-C24B7A400B23} = {6F677889-BCE4-4B90-92BD-7292A23D793A}
		{8E881091-7C86-4E32-B431-EF3FDD828297} = {6F677889-BCE4-4B90-92BD-7292A23D793A}
		{06A6015C-18F7-427F-B89D-C8BC8512175C} = {6F677889-BCE4-4B90-92BD-7292A23D793A}
		{952489E9-C23C-4C09-8D65-7AAB8A9B07C5} = {6F677889-BCE4-4B90-92BD-7292A23D793A}
		{4F306B84-7F4B-49CA-AEF5-F58DCCF7B0EC} = {6F677889-BCE4-4B90-92BD-7292A23D793A}
		{2E957556-7707-4747-9B4D-74D24AF616B7} = {6F677889-BCE4-4B90-92BD-7292A23D793A}
		{2C8F2880-83B2-4109-85BA-8FA1FC61899F} = {6F677889-BCE4-4B90-92BD-7292A23D793A}
		{E1CAC847-B8D7-4803-A034-0740D5FCF75C} = {6F677889-BCE4-4B90-92BD-7292A23D793A}
		{2931115E-5CC2-4E63-923A-D5578F00875B} = {6F677889-BCE4-4B90-92BD-7292A23D793A}
		{9692AD32-186E-42A4-84E9-D9996B8DBD18} = {6F677889-BCE4-4B90-92BD-7292A23D793A}
		{233B02C3-19C7-413E-AC54-37CF41CA89D9} = {6F677889-BCE4-4B90-92BD-7292A23D793A}
		{0ABEE6FA-CF27-4D8C-AAA1-02B63AEDC9E7} = {A0755560-7D9A-4B3F-8986-B79BBA877D6B}
	EndGlobalSection
	GlobalSection(ExtensibilityGlobals) = postSolution
		SolutionGuid = {7A083DFC-1DE7-4AEF-8C32-E5B1E732100F}
	EndGlobalSection
EndGlobal
